
Microsoft Visual Studio Solution File, Format Version 12.00
# Visual Studio Version 17
VisualStudioVersion = 17.14.36414.22 d17.14
MinimumVisualStudioVersion = 10.0.40219.1
Project("{FAE04EC0-301F-11D3-BF4B-00C04F79EFBC}") = "UserConsoleApp", "ConsoleApp2\UserConsoleApp.csproj", "{D11A2900-7033-4B82-A4B3-686EF3CFDEDD}"
EndProject
Global
	GlobalSection(SolutionConfigurationPlatforms) = preSolution
		Debug|Any CPU = Debug|Any CPU
		Release|Any CPU = Release|Any CPU
	EndGlobalSection
	GlobalSection(ProjectConfigurationPlatforms) = postSolution
		{D11A2900-7033-4B82-A4B3-686EF3CFDEDD}.Debug|Any CPU.ActiveCfg = Debug|Any CPU
		{D11A2900-7033-4B82-A4B3-686EF3CFDEDD}.Debug|Any CPU.Build.0 = Debug|Any CPU
		{D11A2900-7033-4B82-A4B3-686EF3CFDEDD}.Release|Any CPU.ActiveCfg = Release|Any CPU
		{D11A2900-7033-4B82-A4B3-686EF3CFDEDD}.Release|Any CPU.Build.0 = Release|Any CPU
	EndGlobalSection
	GlobalSection(SolutionProperties) = preSolution
		HideSolutionNode = FALSE
	EndGlobalSection
	GlobalSection(ExtensibilityGlobals) = postSolution
		SolutionGuid = {98EBA88B-AA47-43B9-9B36-BB81379CE468}
	EndGlobalSection
EndGlobal
